
Microsoft Visual Studio Solution File, Format Version 12.00
# Visual Studio Version 17
VisualStudioVersion = 17.10.35013.160
MinimumVisualStudioVersion = 10.0.40219.1
Project("{9A19103F-16F7-4668-BE54-9A1E7A4F7556}") = "Project2024", "Project2024.csproj", "{B70B2920-937E-406F-8918-D27421C1F946}"
EndProject
Project("{9A19103F-16F7-4668-BE54-9A1E7A4F7556}") = "Project2024.Android", "Projects\Android\Project2024.Android.csproj", "{1C87F099-1D18-450E-BFC1-1AA3691FAACB}"
EndProject
Global
	GlobalSection(SolutionConfigurationPlatforms) = preSolution
		Debug|Any CPU = Debug|Any CPU
		Release|Any CPU = Release|Any CPU
	EndGlobalSection
	GlobalSection(ProjectConfigurationPlatforms) = postSolution
		{B70B2920-937E-406F-8918-D27421C1F946}.Debug|Any CPU.ActiveCfg = Debug|Any CPU
		{B70B2920-937E-406F-8918-D27421C1F946}.Debug|Any CPU.Build.0 = Debug|Any CPU
		{B70B2920-937E-406F-8918-D27421C1F946}.Release|Any CPU.ActiveCfg = Release|Any CPU
		{B70B2920-937E-406F-8918-D27421C1F946}.Release|Any CPU.Build.0 = Release|Any CPU
		{1C87F099-1D18-450E-BFC1-1AA3691FAACB}.Debug|Any CPU.ActiveCfg = Debug|Any CPU
		{1C87F099-1D18-450E-BFC1-1AA3691FAACB}.Debug|Any CPU.Build.0 = Debug|Any CPU
		{1C87F099-1D18-450E-BFC1-1AA3691FAACB}.Debug|Any CPU.Deploy.0 = Debug|Any CPU
		{1C87F099-1D18-450E-BFC1-1AA3691FAACB}.Release|Any CPU.ActiveCfg = Release|Any CPU
		{1C87F099-1D18-450E-BFC1-1AA3691FAACB}.Release|Any CPU.Build.0 = Release|Any CPU
		{1C87F099-1D18-450E-BFC1-1AA3691FAACB}.Release|Any CPU.Deploy.0 = Release|Any CPU
	EndGlobalSection
	GlobalSection(SolutionProperties) = preSolution
		HideSolutionNode = FALSE
	EndGlobalSection
	GlobalSection(ExtensibilityGlobals) = postSolution
		SolutionGuid = {70B52E18-2533-4924-96EC-0C0591F73179}
	EndGlobalSection
EndGlobal
